
Microsoft Visual Studio Solution File, Format Version 12.00
# Visual Studio Version 17
VisualStudioVersion = 17.13.35919.96
MinimumVisualStudioVersion = 10.0.40219.1
Project("{FAE04EC0-301F-11D3-BF4B-00C04F79EFBC}") = "Domain", "Domain\Domain.csproj", "{0588B98A-9E65-4168-9EA7-9805CF9D6364}"
EndProject
Project("{FAE04EC0-301F-11D3-BF4B-00C04F79EFBC}") = "Application", "Application\Application.csproj", "{BD7F154F-FED8-4387-B0AE-0E45894D6AF8}"
EndProject
Project("{2150E333-8FDC-42A3-9474-1A3956D46DE8}") = "Infrastructure", "Infrastructure", "{02EA681E-C7D8-13C7-8484-4AC65E1B71E8}"
EndProject
Project("{FAE04EC0-301F-11D3-BF4B-00C04F79EFBC}") = "RepositoryComponent", "RepositoryComponent\RepositoryComponent.csproj", "{1062D2CE-7782-4E6E-B6A4-90E58D5F6625}"
EndProject
Project("{FAE04EC0-301F-11D3-BF4B-00C04F79EFBC}") = "MapperComponent", "MapperComponent\MapperComponent.csproj", "{42B9210C-E45C-47F7-8893-6353F7A3227B}"
EndProject
Project("{FAE04EC0-301F-11D3-BF4B-00C04F79EFBC}") = "WebAPI", "WebAPI\WebAPI.csproj", "{A17133B5-FA0E-4BD5-B127-183BFE06DC47}"
EndProject
Global
	GlobalSection(SolutionConfigurationPlatforms) = preSolution
		Debug|Any CPU = Debug|Any CPU
		Release|Any CPU = Release|Any CPU
	EndGlobalSection
	GlobalSection(ProjectConfigurationPlatforms) = postSolution
		{0588B98A-9E65-4168-9EA7-9805CF9D6364}.Debug|Any CPU.ActiveCfg = Debug|Any CPU
		{0588B98A-9E65-4168-9EA7-9805CF9D6364}.Debug|Any CPU.Build.0 = Debug|Any CPU
		{0588B98A-9E65-4168-9EA7-9805CF9D6364}.Release|Any CPU.ActiveCfg = Release|Any CPU
		{0588B98A-9E65-4168-9EA7-9805CF9D6364}.Release|Any CPU.Build.0 = Release|Any CPU
		{BD7F154F-FED8-4387-B0AE-0E45894D6AF8}.Debug|Any CPU.ActiveCfg = Debug|Any CPU
		{BD7F154F-FED8-4387-B0AE-0E45894D6AF8}.Debug|Any CPU.Build.0 = Debug|Any CPU
		{BD7F154F-FED8-4387-B0AE-0E45894D6AF8}.Release|Any CPU.ActiveCfg = Release|Any CPU
		{BD7F154F-FED8-4387-B0AE-0E45894D6AF8}.Release|Any CPU.Build.0 = Release|Any CPU
		{1062D2CE-7782-4E6E-B6A4-90E58D5F6625}.Debug|Any CPU.ActiveCfg = Debug|Any CPU
		{1062D2CE-7782-4E6E-B6A4-90E58D5F6625}.Debug|Any CPU.Build.0 = Debug|Any CPU
		{1062D2CE-7782-4E6E-B6A4-90E58D5F6625}.Release|Any CPU.ActiveCfg = Release|Any CPU
		{1062D2CE-7782-4E6E-B6A4-90E58D5F6625}.Release|Any CPU.Build.0 = Release|Any CPU
		{42B9210C-E45C-47F7-8893-6353F7A3227B}.Debug|Any CPU.ActiveCfg = Debug|Any CPU
		{42B9210C-E45C-47F7-8893-6353F7A3227B}.Debug|Any CPU.Build.0 = Debug|Any CPU
		{42B9210C-E45C-47F7-8893-6353F7A3227B}.Release|Any CPU.ActiveCfg = Release|Any CPU
		{42B9210C-E45C-47F7-8893-6353F7A3227B}.Release|Any CPU.Build.0 = Release|Any CPU
		{A17133B5-FA0E-4BD5-B127-183BFE06DC47}.Debug|Any CPU.ActiveCfg = Debug|Any CPU
		{A17133B5-FA0E-4BD5-B127-183BFE06DC47}.Debug|Any CPU.Build.0 = Debug|Any CPU
		{A17133B5-FA0E-4BD5-B127-183BFE06DC47}.Release|Any CPU.ActiveCfg = Release|Any CPU
		{A17133B5-FA0E-4BD5-B127-183BFE06DC47}.Release|Any CPU.Build.0 = Release|Any CPU
	EndGlobalSection
	GlobalSection(SolutionProperties) = preSolution
		HideSolutionNode = FALSE
	EndGlobalSection
	GlobalSection(NestedProjects) = preSolution
		{1062D2CE-7782-4E6E-B6A4-90E58D5F6625} = {02EA681E-C7D8-13C7-8484-4AC65E1B71E8}
		{42B9210C-E45C-47F7-8893-6353F7A3227B} = {02EA681E-C7D8-13C7-8484-4AC65E1B71E8}
		{A17133B5-FA0E-4BD5-B127-183BFE06DC47} = {02EA681E-C7D8-13C7-8484-4AC65E1B71E8}
	EndGlobalSection
	GlobalSection(ExtensibilityGlobals) = postSolution
		SolutionGuid = {47C492B4-C8D2-4522-986D-1B9699D0F62E}
	EndGlobalSection
EndGlobal
